
Microsoft Visual Studio Solution File, Format Version 12.00
# Visual Studio Version 17
VisualStudioVersion = 17.9.34723.18
MinimumVisualStudioVersion = 10.0.40219.1
Project("{FAE04EC0-301F-11D3-BF4B-00C04F79EFBC}") = "SpecflowCalculator", "SpecflowCalculator\SpecflowCalculator.csproj", "{F02B423D-11DE-46D6-AC01-1FEDB22D38BC}"
EndProject
Project("{FAE04EC0-301F-11D3-BF4B-00C04F79EFBC}") = "SpecFlowCalculator_Specs", "SpecFlowCalculator_Specs\SpecFlowCalculator_Specs.csproj", "{741F6C40-1612-480F-807A-B5787E4ACC18}"
EndProject
Global
	GlobalSection(SolutionConfigurationPlatforms) = preSolution
		Debug|Any CPU = Debug|Any CPU
		Release|Any CPU = Release|Any CPU
	EndGlobalSection
	GlobalSection(ProjectConfigurationPlatforms) = postSolution
		{F02B423D-11DE-46D6-AC01-1FEDB22D38BC}.Debug|Any CPU.ActiveCfg = Debug|Any CPU
		{F02B423D-11DE-46D6-AC01-1FEDB22D38BC}.Debug|Any CPU.Build.0 = Debug|Any CPU
		{F02B423D-11DE-46D6-AC01-1FEDB22D38BC}.Release|Any CPU.ActiveCfg = Release|Any CPU
		{F02B423D-11DE-46D6-AC01-1FEDB22D38BC}.Release|Any CPU.Build.0 = Release|Any CPU
		{741F6C40-1612-480F-807A-B5787E4ACC18}.Debug|Any CPU.ActiveCfg = Debug|Any CPU
		{741F6C40-1612-480F-807A-B5787E4ACC18}.Debug|Any CPU.Build.0 = Debug|Any CPU
		{741F6C40-1612-480F-807A-B5787E4ACC18}.Release|Any CPU.ActiveCfg = Release|Any CPU
		{741F6C40-1612-480F-807A-B5787E4ACC18}.Release|Any CPU.Build.0 = Release|Any CPU
	EndGlobalSection
	GlobalSection(SolutionProperties) = preSolution
		HideSolutionNode = FALSE
	EndGlobalSection
	GlobalSection(ExtensibilityGlobals) = postSolution
		SolutionGuid = {B34D457B-BD14-461D-9AD6-48C0EAD8C487}
	EndGlobalSection
EndGlobal
