
Microsoft Visual Studio Solution File, Format Version 12.00
# Visual Studio Version 17
VisualStudioVersion = 17.9.34723.18
MinimumVisualStudioVersion = 10.0.40219.1
Project("{9A19103F-16F7-4668-BE54-9A1E7A4F7556}") = "HowToUseSpecFlow", "HowToUseSpecFlow\HowToUseSpecFlow.csproj", "{A11783A0-5696-4AC0-A588-FB6619A1A20D}"
EndProject
Project("{FAE04EC0-301F-11D3-BF4B-00C04F79EFBC}") = "StockApp", "StockApp\StockApp.csproj", "{97D3F579-3742-40D9-AC7F-A757136EFF04}"
EndProject
Global
	GlobalSection(SolutionConfigurationPlatforms) = preSolution
		Debug|Any CPU = Debug|Any CPU
		Release|Any CPU = Release|Any CPU
	EndGlobalSection
	GlobalSection(ProjectConfigurationPlatforms) = postSolution
		{A11783A0-5696-4AC0-A588-FB6619A1A20D}.Debug|Any CPU.ActiveCfg = Debug|Any CPU
		{A11783A0-5696-4AC0-A588-FB6619A1A20D}.Debug|Any CPU.Build.0 = Debug|Any CPU
		{A11783A0-5696-4AC0-A588-FB6619A1A20D}.Release|Any CPU.ActiveCfg = Release|Any CPU
		{A11783A0-5696-4AC0-A588-FB6619A1A20D}.Release|Any CPU.Build.0 = Release|Any CPU
		{97D3F579-3742-40D9-AC7F-A757136EFF04}.Debug|Any CPU.ActiveCfg = Debug|Any CPU
		{97D3F579-3742-40D9-AC7F-A757136EFF04}.Debug|Any CPU.Build.0 = Debug|Any CPU
		{97D3F579-3742-40D9-AC7F-A757136EFF04}.Release|Any CPU.ActiveCfg = Release|Any CPU
		{97D3F579-3742-40D9-AC7F-A757136EFF04}.Release|Any CPU.Build.0 = Release|Any CPU
	EndGlobalSection
	GlobalSection(SolutionProperties) = preSolution
		HideSolutionNode = FALSE
	EndGlobalSection
	GlobalSection(ExtensibilityGlobals) = postSolution
		SolutionGuid = {BD8BD3ED-7EFC-4F42-834D-61198B4B06C1}
	EndGlobalSection
EndGlobal
