
Microsoft Visual Studio Solution File, Format Version 12.00
# Visual Studio Version 17
VisualStudioVersion = 17.9.34723.18
MinimumVisualStudioVersion = 10.0.40219.1
Project("{FAE04EC0-301F-11D3-BF4B-00C04F79EFBC}") = "HowToRestSharp", "HowToRestSharp\HowToRestSharp.csproj", "{2D97203A-307A-448A-A94A-CAE1924155DC}"
EndProject
Global
	GlobalSection(SolutionConfigurationPlatforms) = preSolution
		Debug|Any CPU = Debug|Any CPU
		Release|Any CPU = Release|Any CPU
	EndGlobalSection
	GlobalSection(ProjectConfigurationPlatforms) = postSolution
		{2D97203A-307A-448A-A94A-CAE1924155DC}.Debug|Any CPU.ActiveCfg = Debug|Any CPU
		{2D97203A-307A-448A-A94A-CAE1924155DC}.Debug|Any CPU.Build.0 = Debug|Any CPU
		{2D97203A-307A-448A-A94A-CAE1924155DC}.Release|Any CPU.ActiveCfg = Release|Any CPU
		{2D97203A-307A-448A-A94A-CAE1924155DC}.Release|Any CPU.Build.0 = Release|Any CPU
	EndGlobalSection
	GlobalSection(SolutionProperties) = preSolution
		HideSolutionNode = FALSE
	EndGlobalSection
	GlobalSection(ExtensibilityGlobals) = postSolution
		SolutionGuid = {A26F3FDC-4951-4DBF-9200-1398885434EC}
	EndGlobalSection
EndGlobal
